
Microsoft Visual Studio Solution File, Format Version 12.00
# Visual Studio Version 16
VisualStudioVersion = 16.0.31321.278
MinimumVisualStudioVersion = 10.0.40219.1
Project("{778DAE3C-4631-46EA-AA77-85C1314464D9}") = "CompuMaster.Dms.BrowserUI", "CompuMaster.Dms.BrowserUI\CompuMaster.Dms.BrowserUI.vbproj", "{3D119625-347A-4505-9219-5DB67F8D8C4E}"
EndProject
Project("{778DAE3C-4631-46EA-AA77-85C1314464D9}") = "CompuMaster.Dms.Providers", "CompuMaster.Dms.Providers\CompuMaster.Dms.Providers.vbproj", "{3721B260-2CCF-4D7C-B3A2-7B8FE42659B6}"
EndProject
Project("{778DAE3C-4631-46EA-AA77-85C1314464D9}") = "CompuMaster.Dms.TestDemo.ScopevisioTeamwork", "CompuMaster.Dms.Test.BrowserUI\CompuMaster.Dms.TestDemo.ScopevisioTeamwork.vbproj", "{CC6F6F1B-2856-40AA-A1F1-62870F6DD376}"
EndProject
Project("{778DAE3C-4631-46EA-AA77-85C1314464D9}") = "CompuMaster.Dms.Test.Providers", "CompuMaster.Dms.Test.Providers\CompuMaster.Dms.Test.Providers.vbproj", "{7A029CE2-55EF-43EE-BADA-A961A6064B8C}"
EndProject
Global
	GlobalSection(SolutionConfigurationPlatforms) = preSolution
		CI_CD|Any CPU = CI_CD|Any CPU
		Debug|Any CPU = Debug|Any CPU
		Release|Any CPU = Release|Any CPU
	EndGlobalSection
	GlobalSection(ProjectConfigurationPlatforms) = postSolution
		{3D119625-347A-4505-9219-5DB67F8D8C4E}.CI_CD|Any CPU.ActiveCfg = CI_CD|Any CPU
		{3D119625-347A-4505-9219-5DB67F8D8C4E}.CI_CD|Any CPU.Build.0 = CI_CD|Any CPU
		{3D119625-347A-4505-9219-5DB67F8D8C4E}.Debug|Any CPU.ActiveCfg = Debug|Any CPU
		{3D119625-347A-4505-9219-5DB67F8D8C4E}.Debug|Any CPU.Build.0 = Debug|Any CPU
		{3D119625-347A-4505-9219-5DB67F8D8C4E}.Release|Any CPU.ActiveCfg = Release|Any CPU
		{3D119625-347A-4505-9219-5DB67F8D8C4E}.Release|Any CPU.Build.0 = Release|Any CPU
		{3721B260-2CCF-4D7C-B3A2-7B8FE42659B6}.CI_CD|Any CPU.ActiveCfg = Debug|Any CPU
		{3721B260-2CCF-4D7C-B3A2-7B8FE42659B6}.CI_CD|Any CPU.Build.0 = Debug|Any CPU
		{3721B260-2CCF-4D7C-B3A2-7B8FE42659B6}.Debug|Any CPU.ActiveCfg = Debug|Any CPU
		{3721B260-2CCF-4D7C-B3A2-7B8FE42659B6}.Debug|Any CPU.Build.0 = Debug|Any CPU
		{3721B260-2CCF-4D7C-B3A2-7B8FE42659B6}.Release|Any CPU.ActiveCfg = Release|Any CPU
		{3721B260-2CCF-4D7C-B3A2-7B8FE42659B6}.Release|Any CPU.Build.0 = Release|Any CPU
		{CC6F6F1B-2856-40AA-A1F1-62870F6DD376}.CI_CD|Any CPU.ActiveCfg = Debug|Any CPU
		{CC6F6F1B-2856-40AA-A1F1-62870F6DD376}.CI_CD|Any CPU.Build.0 = Debug|Any CPU
		{CC6F6F1B-2856-40AA-A1F1-62870F6DD376}.Debug|Any CPU.ActiveCfg = Debug|Any CPU
		{CC6F6F1B-2856-40AA-A1F1-62870F6DD376}.Debug|Any CPU.Build.0 = Debug|Any CPU
		{CC6F6F1B-2856-40AA-A1F1-62870F6DD376}.Release|Any CPU.ActiveCfg = Release|Any CPU
		{CC6F6F1B-2856-40AA-A1F1-62870F6DD376}.Release|Any CPU.Build.0 = Release|Any CPU
		{7A029CE2-55EF-43EE-BADA-A961A6064B8C}.CI_CD|Any CPU.ActiveCfg = Debug|Any CPU
		{7A029CE2-55EF-43EE-BADA-A961A6064B8C}.CI_CD|Any CPU.Build.0 = Debug|Any CPU
		{7A029CE2-55EF-43EE-BADA-A961A6064B8C}.Debug|Any CPU.ActiveCfg = Debug|Any CPU
		{7A029CE2-55EF-43EE-BADA-A961A6064B8C}.Debug|Any CPU.Build.0 = Debug|Any CPU
		{7A029CE2-55EF-43EE-BADA-A961A6064B8C}.Release|Any CPU.ActiveCfg = Release|Any CPU
		{7A029CE2-55EF-43EE-BADA-A961A6064B8C}.Release|Any CPU.Build.0 = Release|Any CPU
	EndGlobalSection
	GlobalSection(SolutionProperties) = preSolution
		HideSolutionNode = FALSE
	EndGlobalSection
	GlobalSection(ExtensibilityGlobals) = postSolution
		SolutionGuid = {1B7A9C8B-9C39-48AA-9E07-06B739292C5B}
	EndGlobalSection
EndGlobal
